# THIS IS AN AUTOGENERATED FILE. DO NOT EDIT THIS FILE DIRECTLY.
# yarn lockfile v1


"@types/prop-types@*":
  version "15.7.3"
  resolved "https://registry.npm.taobao.org/@types/prop-types/download/@types/prop-types-15.7.3.tgz#2ab0d5da2e5815f94b0b9d4b95d1e5f243ab2ca7"
  integrity sha1-KrDV2i5YFflLC51LldHl8kOrLKc=

"@types/react-dom@^17.0.3":
  version "17.0.3"
  resolved "https://registry.npm.taobao.org/@types/react-dom/download/@types/react-dom-17.0.3.tgz?cache=0&sync_timestamp=1616459857029&other_urls=https%3A%2F%2Fregistry.npm.taobao.org%2F%40types%2Freact-dom%2Fdownload%2F%40types%2Freact-dom-17.0.3.tgz#7fdf37b8af9d6d40127137865bb3fff8871d7ee1"
  integrity sha1-f983uK+dbUAScTeGW7P/+IcdfuE=
  dependencies:
    "@types/react" "*"

"@types/react@*", "@types/react@^17.0.3":
  version "17.0.3"
  resolved "https://registry.npm.taobao.org/@types/react/download/@types/react-17.0.3.tgz?cache=0&sync_timestamp=1615113978344&other_urls=https%3A%2F%2Fregistry.npm.taobao.org%2F%40types%2Freact%2Fdownload%2F%40types%2Freact-17.0.3.tgz#ba6e215368501ac3826951eef2904574c262cc79"
  integrity sha1-um4hU2hQGsOCaVHu8pBFdMJizHk=
  dependencies:
    "@types/prop-types" "*"
    "@types/scheduler" "*"
    csstype "^3.0.2"

"@types/scheduler@*":
  version "0.16.1"
  resolved "https://registry.npm.taobao.org/@types/scheduler/download/@types/scheduler-0.16.1.tgz#18845205e86ff0038517aab7a18a62a6b9f71275"
  integrity sha1-GIRSBehv8AOFF6q3oYpiprn3EnU=

csstype@^3.0.2:
  version "3.0.7"
  resolved "https://registry.npm.taobao.org/csstype/download/csstype-3.0.7.tgz?cache=0&sync_timestamp=1614159662633&other_urls=https%3A%2F%2Fregistry.npm.taobao.org%2Fcsstype%2Fdownload%2Fcsstype-3.0.7.tgz#2a5fb75e1015e84dd15692f71e89a1450290950b"
  integrity sha1-Kl+3XhAV6E3RVpL3HomhRQKQlQs=

typescript@^4.2.3:
  version "4.2.3"
  resolved "https://registry.npm.taobao.org/typescript/download/typescript-4.2.3.tgz?cache=0&sync_timestamp=1617348526181&other_urls=https%3A%2F%2Fregistry.npm.taobao.org%2Ftypescript%2Fdownload%2Ftypescript-4.2.3.tgz#39062d8019912d43726298f09493d598048c1ce3"
  integrity sha1-OQYtgBmRLUNyYpjwlJPVmASMHOM=
